
Microsoft Visual Studio Solution File, Format Version 12.00
# Visual Studio 15
VisualStudioVersion = 15.0.26430.14
MinimumVisualStudioVersion = 10.0.40219.1
Project("{FAE04EC0-301F-11D3-BF4B-00C04F79EFBC}") = "OfficeToAnything", "PPTToAnything\OfficeToAnything.csproj", "{768BC44B-9470-4F73-9C98-27762E21C30F}"
EndProject
Global
	GlobalSection(SolutionConfigurationPlatforms) = preSolution
		Debug|Any CPU = Debug|Any CPU
		Debug|x64 = Debug|x64
		Debug|x86 = Debug|x86
		Release|Any CPU = Release|Any CPU
		Release|x64 = Release|x64
		Release|x86 = Release|x86
	EndGlobalSection
	GlobalSection(ProjectConfigurationPlatforms) = postSolution
		{768BC44B-9470-4F73-9C98-27762E21C30F}.Debug|Any CPU.ActiveCfg = Debug|Any CPU
		{768BC44B-9470-4F73-9C98-27762E21C30F}.Debug|Any CPU.Build.0 = Debug|Any CPU
		{768BC44B-9470-4F73-9C98-27762E21C30F}.Debug|x64.ActiveCfg = Debug|Any CPU
		{768BC44B-9470-4F73-9C98-27762E21C30F}.Debug|x64.Build.0 = Debug|Any CPU
		{768BC44B-9470-4F73-9C98-27762E21C30F}.Debug|x86.ActiveCfg = Debug|Any CPU
		{768BC44B-9470-4F73-9C98-27762E21C30F}.Debug|x86.Build.0 = Debug|Any CPU
		{768BC44B-9470-4F73-9C98-27762E21C30F}.Release|Any CPU.ActiveCfg = Release|Any CPU
		{768BC44B-9470-4F73-9C98-27762E21C30F}.Release|Any CPU.Build.0 = Release|Any CPU
		{768BC44B-9470-4F73-9C98-27762E21C30F}.Release|x64.ActiveCfg = Release|Any CPU
		{768BC44B-9470-4F73-9C98-27762E21C30F}.Release|x64.Build.0 = Release|Any CPU
		{768BC44B-9470-4F73-9C98-27762E21C30F}.Release|x86.ActiveCfg = Release|Any CPU
		{768BC44B-9470-4F73-9C98-27762E21C30F}.Release|x86.Build.0 = Release|Any CPU
	EndGlobalSection
	GlobalSection(SolutionProperties) = preSolution
		HideSolutionNode = FALSE
	EndGlobalSection
	GlobalSection(ExtensibilityGlobals) = postSolution
		SolutionGuid = {CFE60620-994E-4E95-BD1D-AC1C3EF25B28}
	EndGlobalSection
EndGlobal
